
Microsoft Visual Studio Solution File, Format Version 12.00
# Visual Studio Version 17
VisualStudioVersion = 17.9.34310.174
MinimumVisualStudioVersion = 10.0.40219.1
Project("{9A19103F-16F7-4668-BE54-9A1E7A4F7556}") = "gear-ratios", "gear-ratios.csproj", "{DBAD74F4-F467-4252-8DA3-8FFA1D4F57D7}"
EndProject
Global
	GlobalSection(SolutionConfigurationPlatforms) = preSolution
		Debug|Any CPU = Debug|Any CPU
		Release|Any CPU = Release|Any CPU
	EndGlobalSection
	GlobalSection(ProjectConfigurationPlatforms) = postSolution
		{DBAD74F4-F467-4252-8DA3-8FFA1D4F57D7}.Debug|Any CPU.ActiveCfg = Debug|Any CPU
		{DBAD74F4-F467-4252-8DA3-8FFA1D4F57D7}.Debug|Any CPU.Build.0 = Debug|Any CPU
		{DBAD74F4-F467-4252-8DA3-8FFA1D4F57D7}.Release|Any CPU.ActiveCfg = Release|Any CPU
		{DBAD74F4-F467-4252-8DA3-8FFA1D4F57D7}.Release|Any CPU.Build.0 = Release|Any CPU
	EndGlobalSection
	GlobalSection(SolutionProperties) = preSolution
		HideSolutionNode = FALSE
	EndGlobalSection
	GlobalSection(ExtensibilityGlobals) = postSolution
		SolutionGuid = {5EB0DC7E-1515-43C9-B052-25392E24B510}
	EndGlobalSection
EndGlobal
